
Microsoft Visual Studio Solution File, Format Version 12.00
# Visual Studio Version 16
VisualStudioVersion = 16.0.30406.217
MinimumVisualStudioVersion = 10.0.40219.1
Project("{888888A0-9F3D-457C-B088-3A5042F75D52}") = "JsonParser", "JsonParser\JsonParser.pyproj", "{654BFE5F-59D3-4871-9C8E-8F859459F32E}"
EndProject
Global
	GlobalSection(SolutionConfigurationPlatforms) = preSolution
		Debug|Any CPU = Debug|Any CPU
		Release|Any CPU = Release|Any CPU
	EndGlobalSection
	GlobalSection(ProjectConfigurationPlatforms) = postSolution
		{654BFE5F-59D3-4871-9C8E-8F859459F32E}.Debug|Any CPU.ActiveCfg = Debug|Any CPU
		{654BFE5F-59D3-4871-9C8E-8F859459F32E}.Release|Any CPU.ActiveCfg = Release|Any CPU
	EndGlobalSection
	GlobalSection(SolutionProperties) = preSolution
		HideSolutionNode = FALSE
	EndGlobalSection
	GlobalSection(ExtensibilityGlobals) = postSolution
		SolutionGuid = {5E3961F4-5584-4010-95C5-4CBD9E998534}
	EndGlobalSection
EndGlobal
